// !$*UTF8*$!
{
	archiveVersion = 1;
	classes = {
	};
	objectVersion = 46;
	objects = {

/* Begin PBXBuildFile section */
		F1D41E6E1B503098002A8BB9 /* jelling.png in Resources */ = {isa = PBXBuildFile; fileRef = F1D41E6D1B503098002A8BB9 /* jelling.png */; };
		F1D41E741B504B35002A8BB9 /* Media.xcassets in Resources */ = {isa = PBXBuildFile; fileRef = F1D41E731B504B35002A8BB9 /* Media.xcassets */; };
		F1EC05E71B4FA04200D303F0 /* AppDelegate.swift in Sources */ = {isa = PBXBuildFile; fileRef = F1EC05E61B4FA04200D303F0 /* AppDelegate.swift */; };
		F1EC05EC1B4FA04200D303F0 /* MainMenu.xib in Resources */ = {isa = PBXBuildFile; fileRef = F1EC05EA1B4FA04200D303F0 /* MainMenu.xib */; };
		F1EC05F41B4FA0A800D303F0 /* jelling@2x.png in Resources */ = {isa = PBXBuildFile; fileRef = F1EC05F31B4FA0A800D303F0 /* jelling@2x.png */; };
		F1EC05F61B5014DF00D303F0 /* Carbon.framework in Frameworks */ = {isa = PBXBuildFile; fileRef = F1EC05F51B5014DF00D303F0 /* Carbon.framework */; };
		F1EC05F81B50158700D303F0 /* Cocoa.framework in Frameworks */ = {isa = PBXBuildFile; fileRef = F1EC05F71B50158700D303F0 /* Cocoa.framework */; };
		F1EC05FA1B50158D00D303F0 /* CoreBluetooth.framework in Frameworks */ = {isa = PBXBuildFile; fileRef = F1EC05F91B50158D00D303F0 /* CoreBluetooth.framework */; };
/* End PBXBuildFile section */

/* Begin PBXFileReference section */
		F1D41E6D1B503098002A8BB9 /* jelling.png */ = {isa = PBXFileReference; lastKnownFileType = image.png; path = jelling.png; sourceTree = "<group>"; };
		F1D41E731B504B35002A8BB9 /* Media.xcassets */ = {isa = PBXFileReference; lastKnownFileType = folder.assetcatalog; path = Media.xcassets; sourceTree = "<group>"; };
		F1EC05E31B4FA04200D303F0 /* Jelling.app */ = {isa = PBXFileReference; explicitFileType = wrapper.application; includeInIndex = 0; path = Jelling.app; sourceTree = BUILT_PRODUCTS_DIR; };
		F1EC05E61B4FA04200D303F0 /* AppDelegate.swift */ = {isa = PBXFileReference; lastKnownFileType = sourcecode.swift; path = AppDelegate.swift; sourceTree = "<group>"; };
		F1EC05EB1B4FA04200D303F0 /* Base */ = {isa = PBXFileReference; lastKnownFileType = file.xib; name = Base; path = Base.lproj/MainMenu.xib; sourceTree = "<group>"; };
		F1EC05ED1B4FA04200D303F0 /* Info.plist */ = {isa = PBXFileReference; lastKnownFileType = text.plist.xml; path = Info.plist; sourceTree = "<group>"; };
		F1EC05F31B4FA0A800D303F0 /* jelling@2x.png */ = {isa = PBXFileReference; lastKnownFileType = image.png; path = "jelling@2x.png"; sourceTree = "<group>"; };
		F1EC05F51B5014DF00D303F0 /* Carbon.framework */ = {isa = PBXFileReference; lastKnownFileType = wrapper.framework; name = Carbon.framework; path = System/Library/Frameworks/Carbon.framework; sourceTree = SDKROOT; };
		F1EC05F71B50158700D303F0 /* Cocoa.framework */ = {isa = PBXFileReference; lastKnownFileType = wrapper.framework; name = Cocoa.framework; path = System/Library/Frameworks/Cocoa.framework; sourceTree = SDKROOT; };
		F1EC05F91B50158D00D303F0 /* CoreBluetooth.framework */ = {isa = PBXFileReference; lastKnownFileType = wrapper.framework; name = CoreBluetooth.framework; path = System/Library/Frameworks/CoreBluetooth.framework; sourceTree = SDKROOT; };
/* End PBXFileReference section */

/* Begin PBXFrameworksBuildPhase section */
		F1EC05E01B4FA04200D303F0 /* Frameworks */ = {
			isa = PBXFrameworksBuildPhase;
			buildActionMask = 2147483647;
			files = (
				F1EC05F61B5014DF00D303F0 /* Carbon.framework in Frameworks */,
				F1EC05F81B50158700D303F0 /* Cocoa.framework in Frameworks */,
				F1EC05FA1B50158D00D303F0 /* CoreBluetooth.framework in Frameworks */,
			);
			runOnlyForDeploymentPostprocessing = 0;
		};
/* End PBXFrameworksBuildPhase section */

/* Begin PBXGroup section */
		F1EC05DA1B4FA04200D303F0 = {
			isa = PBXGroup;
			children = (
				F1D41E731B504B35002A8BB9 /* Media.xcassets */,
				F1EC05F51B5014DF00D303F0 /* Carbon.framework */,
				F1EC05F71B50158700D303F0 /* Cocoa.framework */,
				F1EC05F91B50158D00D303F0 /* CoreBluetooth.framework */,
				F1EC05E51B4FA04200D303F0 /* Jelling */,
				F1EC05E41B4FA04200D303F0 /* Products */,
			);
			sourceTree = "<group>";
		};
		F1EC05E41B4FA04200D303F0 /* Products */ = {
			isa = PBXGroup;
			children = (
				F1EC05E31B4FA04200D303F0 /* Jelling.app */,
			);
			name = Products;
			sourceTree = "<group>";
		};
		F1EC05E51B4FA04200D303F0 /* Jelling */ = {
			isa = PBXGroup;
			children = (
				F1D41E6D1B503098002A8BB9 /* jelling.png */,
				F1EC05F31B4FA0A800D303F0 /* jelling@2x.png */,
				F1EC05E61B4FA04200D303F0 /* AppDelegate.swift */,
				F1EC05EA1B4FA04200D303F0 /* MainMenu.xib */,
				F1EC05ED1B4FA04200D303F0 /* Info.plist */,
			);
			path = Jelling;
			sourceTree = "<group>";
		};
/* End PBXGroup section */

/* Begin PBXNativeTarget section */
		F1EC05E21B4FA04200D303F0 /* Jelling */ = {
			isa = PBXNativeTarget;
			buildConfigurationList = F1EC05F01B4FA04200D303F0 /* Build configuration list for PBXNativeTarget "Jelling" */;
			buildPhases = (
				F1EC05DF1B4FA04200D303F0 /* Sources */,
				F1EC05E01B4FA04200D303F0 /* Frameworks */,
				F1EC05E11B4FA04200D303F0 /* Resources */,
			);
			buildRules = (
			);
			dependencies = (
			);
			name = Jelling;
			productName = Jelling;
			productReference = F1EC05E31B4FA04200D303F0 /* Jelling.app */;
			productType = "com.apple.product-type.application";
		};
/* End PBXNativeTarget section */

/* Begin PBXProject section */
		F1EC05DB1B4FA04200D303F0 /* Project object */ = {
			isa = PBXProject;
			attributes = {
				LastUpgradeCheck = 0700;
				ORGANIZATIONNAME = "Fedora Project";
				TargetAttributes = {
					F1EC05E21B4FA04200D303F0 = {
						CreatedOnToolsVersion = 7.0;
					};
				};
			};
			buildConfigurationList = F1EC05DE1B4FA04200D303F0 /* Build configuration list for PBXProject "Jelling" */;
			compatibilityVersion = "Xcode 3.2";
			developmentRegion = English;
			hasScannedForEncodings = 0;
			knownRegions = (
				en,
				Base,
			);
			mainGroup = F1EC05DA1B4FA04200D303F0;
			productRefGroup = F1EC05E41B4FA04200D303F0 /* Products */;
			projectDirPath = "";
			projectRoot = "";
			targets = (
				F1EC05E21B4FA04200D303F0 /* Jelling */,
			);
		};
/* End PBXProject section */

/* Begin PBXResourcesBuildPhase section */
		F1EC05E11B4FA04200D303F0 /* Resources */ = {
			isa = PBXResourcesBuildPhase;
			buildActionMask = 2147483647;
			files = (
				F1EC05F41B4FA0A800D303F0 /* jelling@2x.png in Resources */,
				F1EC05EC1B4FA04200D303F0 /* MainMenu.xib in Resources */,
				F1D41E741B504B35002A8BB9 /* Media.xcassets in Resources */,
				F1D41E6E1B503098002A8BB9 /* jelling.png in Resources */,
			);
			runOnlyForDeploymentPostprocessing = 0;
		};
/* End PBXResourcesBuildPhase section */

/* Begin PBXSourcesBuildPhase section */
		F1EC05DF1B4FA04200D303F0 /* Sources */ = {
			isa = PBXSourcesBuildPhase;
			buildActionMask = 2147483647;
			files = (
				F1EC05E71B4FA04200D303F0 /* AppDelegate.swift in Sources */,
			);
			runOnlyForDeploymentPostprocessing = 0;
		};
/* End PBXSourcesBuildPhase section */

/* Begin PBXVariantGroup section */
		F1EC05EA1B4FA04200D303F0 /* MainMenu.xib */ = {
			isa = PBXVariantGroup;
			children = (
				F1EC05EB1B4FA04200D303F0 /* Base */,
			);
			name = MainMenu.xib;
			sourceTree = "<group>";
		};
/* End PBXVariantGroup section */

/* Begin XCBuildConfiguration section */
		F1EC05EE1B4FA04200D303F0 /* Debug */ = {
			isa = XCBuildConfiguration;
			buildSettings = {
				ALWAYS_SEARCH_USER_PATHS = NO;
				CLANG_CXX_LANGUAGE_STANDARD = "gnu++0x";
				CLANG_CXX_LIBRARY = "libc++";
				CLANG_ENABLE_MODULES = YES;
				CLANG_ENABLE_OBJC_ARC = YES;
				CLANG_WARN_BOOL_CONVERSION = YES;
				CLANG_WARN_CONSTANT_CONVERSION = YES;
				CLANG_WARN_DIRECT_OBJC_ISA_USAGE = YES_ERROR;
				CLANG_WARN_EMPTY_BODY = YES;
				CLANG_WARN_ENUM_CONVERSION = YES;
				CLANG_WARN_INT_CONVERSION = YES;
				CLANG_WARN_OBJC_ROOT_CLASS = YES_ERROR;
				CLANG_WARN_UNREACHABLE_CODE = YES;
				CLANG_WARN__DUPLICATE_METHOD_MATCH = YES;
				CODE_SIGN_IDENTITY = "-";
				COPY_PHASE_STRIP = NO;
				DEBUG_INFORMATION_FORMAT = dwarf;
				ENABLE_STRICT_OBJC_MSGSEND = YES;
				ENABLE_TESTABILITY = YES;
				GCC_C_LANGUAGE_STANDARD = gnu99;
				GCC_DYNAMIC_NO_PIC = NO;
				GCC_NO_COMMON_BLOCKS = YES;
				GCC_OPTIMIZATION_LEVEL = 0;
				GCC_PREPROCESSOR_DEFINITIONS = (
					"DEBUG=1",
					"$(inherited)",
				);
				GCC_WARN_64_TO_32_BIT_CONVERSION = YES;
				GCC_WARN_ABOUT_RETURN_TYPE = YES_ERROR;
				GCC_WARN_UNDECLARED_SELECTOR = YES;
				GCC_WARN_UNINITIALIZED_AUTOS = YES_AGGRESSIVE;
				GCC_WARN_UNUSED_FUNCTION = YES;
				GCC_WARN_UNUSED_VARIABLE = YES;
				MACOSX_DEPLOYMENT_TARGET = 10.11;
				MTL_ENABLE_DEBUG_INFO = YES;
				ONLY_ACTIVE_ARCH = YES;
				SDKROOT = macosx;
				SWIFT_OPTIMIZATION_LEVEL = "-Onone";
			};
			name = Debug;
		};
		F1EC05EF1B4FA04200D303F0 /* Release */ = {
			isa = XCBuildConfiguration;
			buildSettings = {
				ALWAYS_SEARCH_USER_PATHS = NO;
				CLANG_CXX_LANGUAGE_STANDARD = "gnu++0x";
				CLANG_CXX_LIBRARY = "libc++";
				CLANG_ENABLE_MODULES = YES;
				CLANG_ENABLE_OBJC_ARC = YES;
				CLANG_WARN_BOOL_CONVERSION = YES;
				CLANG_WARN_CONSTANT_CONVERSION = YES;
				CLANG_WARN_DIRECT_OBJC_ISA_USAGE = YES_ERROR;
				CLANG_WARN_EMPTY_BODY = YES;
				CLANG_WARN_ENUM_CONVERSION = YES;
				CLANG_WARN_INT_CONVERSION = YES;
				CLANG_WARN_OBJC_ROOT_CLASS = YES_ERROR;
				CLANG_WARN_UNREACHABLE_CODE = YES;
				CLANG_WARN__DUPLICATE_METHOD_MATCH = YES;
				CODE_SIGN_IDENTITY = "-";
				COPY_PHASE_STRIP = NO;
				DEBUG_INFORMATION_FORMAT = "dwarf-with-dsym";
				ENABLE_NS_ASSERTIONS = NO;
				ENABLE_STRICT_OBJC_MSGSEND = YES;
				GCC_C_LANGUAGE_STANDARD = gnu99;
				GCC_NO_COMMON_BLOCKS = YES;
				GCC_WARN_64_TO_32_BIT_CONVERSION = YES;
				GCC_WARN_ABOUT_RETURN_TYPE = YES_ERROR;
				GCC_WARN_UNDECLARED_SELECTOR = YES;
				GCC_WARN_UNINITIALIZED_AUTOS = YES_AGGRESSIVE;
				GCC_WARN_UNUSED_FUNCTION = YES;
				GCC_WARN_UNUSED_VARIABLE = YES;
				MACOSX_DEPLOYMENT_TARGET = 10.11;
				MTL_ENABLE_DEBUG_INFO = NO;
				SDKROOT = macosx;
			};
			name = Release;
		};
		F1EC05F11B4FA04200D303F0 /* Debug */ = {
			isa = XCBuildConfiguration;
			buildSettings = {
				ASSETCATALOG_COMPILER_APPICON_NAME = AppIcon;
				COMBINE_HIDPI_IMAGES = YES;
				INFOPLIST_FILE = Jelling/Info.plist;
				LD_RUNPATH_SEARCH_PATHS = "$(inherited) @executable_path/../Frameworks";
				MACOSX_DEPLOYMENT_TARGET = 10.10;
				PRODUCT_BUNDLE_IDENTIFIER = org.fedorahosted.Jelling;
				PRODUCT_NAME = "$(TARGET_NAME)";
			};
			name = Debug;
		};
		F1EC05F21B4FA04200D303F0 /* Release */ = {
			isa = XCBuildConfiguration;
			buildSettings = {
				ASSETCATALOG_COMPILER_APPICON_NAME = AppIcon;
				COMBINE_HIDPI_IMAGES = YES;
				INFOPLIST_FILE = Jelling/Info.plist;
				LD_RUNPATH_SEARCH_PATHS = "$(inherited) @executable_path/../Frameworks";
				MACOSX_DEPLOYMENT_TARGET = 10.10;
				PRODUCT_BUNDLE_IDENTIFIER = org.fedorahosted.Jelling;
				PRODUCT_NAME = "$(TARGET_NAME)";
			};
			name = Release;
		};
/* End XCBuildConfiguration section */

/* Begin XCConfigurationList section */
		F1EC05DE1B4FA04200D303F0 /* Build configuration list for PBXProject "Jelling" */ = {
			isa = XCConfigurationList;
			buildConfigurations = (
				F1EC05EE1B4FA04200D303F0 /* Debug */,
				F1EC05EF1B4FA04200D303F0 /* Release */,
			);
			defaultConfigurationIsVisible = 0;
			defaultConfigurationName = Release;
		};
		F1EC05F01B4FA04200D303F0 /* Build configuration list for PBXNativeTarget "Jelling" */ = {
			isa = XCConfigurationList;
			buildConfigurations = (
				F1EC05F11B4FA04200D303F0 /* Debug */,
				F1EC05F21B4FA04200D303F0 /* Release */,
			);
			defaultConfigurationIsVisible = 0;
			defaultConfigurationName = Release;
		};
/* End XCConfigurationList section */
	};
	rootObject = F1EC05DB1B4FA04200D303F0 /* Project object */;
}
